// !$*UTF8*$!
{
	archiveVersion = 1;
	classes = {
	};
	objectVersion = 56;
	objects = {

/* Begin PBXBuildFile section */
		5221A5682B141FF60084F7C0 /* EditPlanHeaderForSections.swift in Sources */ = {isa = PBXBuildFile; fileRef = 5221A5672B141FF60084F7C0 /* EditPlanHeaderForSections.swift */; };
		5221A56A2B1452E30084F7C0 /* SelectDateViewController.swift in Sources */ = {isa = PBXBuildFile; fileRef = 5221A5692B1452E30084F7C0 /* SelectDateViewController.swift */; };
		5221A56C2B14540F0084F7C0 /* SelectDateFooterView.swift in Sources */ = {isa = PBXBuildFile; fileRef = 5221A56B2B14540F0084F7C0 /* SelectDateFooterView.swift */; };
		5221A56E2B14567B0084F7C0 /* SelectDateCell.swift in Sources */ = {isa = PBXBuildFile; fileRef = 5221A56D2B14567B0084F7C0 /* SelectDateCell.swift */; };
		52292F002B01F3930083399E /* SearchViewController.swift in Sources */ = {isa = PBXBuildFile; fileRef = 52292EFF2B01F3930083399E /* SearchViewController.swift */; };
		52292F022B01F8E30083399E /* SearchMemoriesTableVIewCell.swift in Sources */ = {isa = PBXBuildFile; fileRef = 52292F012B01F8E30083399E /* SearchMemoriesTableVIewCell.swift */; };
		52292F052B0212FC0083399E /* FavoriteViewController.swift in Sources */ = {isa = PBXBuildFile; fileRef = 52292F042B0212FC0083399E /* FavoriteViewController.swift */; };
		52292F072B0216C90083399E /* SearchHeaderView.swift in Sources */ = {isa = PBXBuildFile; fileRef = 52292F062B0216C90083399E /* SearchHeaderView.swift */; };
		52292F092B0273E80083399E /* CustomSegmentedControl.swift in Sources */ = {isa = PBXBuildFile; fileRef = 52292F082B0273E80083399E /* CustomSegmentedControl.swift */; };
		523243A02B0871020078200C /* EditPlanViewController.swift in Sources */ = {isa = PBXBuildFile; fileRef = 5232439F2B0871020078200C /* EditPlanViewController.swift */; };
		523243A22B0871710078200C /* EditPlanCell.swift in Sources */ = {isa = PBXBuildFile; fileRef = 523243A12B0871710078200C /* EditPlanCell.swift */; };
		523243A42B0879F30078200C /* EditPlanHeaderView.swift in Sources */ = {isa = PBXBuildFile; fileRef = 523243A32B0879F30078200C /* EditPlanHeaderView.swift */; };
		523243A62B0892930078200C /* EditPlanFooterView.swift in Sources */ = {isa = PBXBuildFile; fileRef = 523243A52B0892930078200C /* EditPlanFooterView.swift */; };
		523243A82B0A27B90078200C /* SelectDate SwiftUI.swift in Sources */ = {isa = PBXBuildFile; fileRef = 523243A72B0A27B90078200C /* SelectDate SwiftUI.swift */; };
		523846ED2B18DC21006D58B0 /* EditMemoryCell.swift in Sources */ = {isa = PBXBuildFile; fileRef = 523846EC2B18DC21006D58B0 /* EditMemoryCell.swift */; };
		523846EF2B18E418006D58B0 /* EditMemoryHeaderView.swift in Sources */ = {isa = PBXBuildFile; fileRef = 523846EE2B18E418006D58B0 /* EditMemoryHeaderView.swift */; };
		524157002B149230005D41F6 /* EditPlanCollectionCell.swift in Sources */ = {isa = PBXBuildFile; fileRef = 524156FF2B149230005D41F6 /* EditPlanCollectionCell.swift */; };
		5245BA762B0E136E006594CC /* FirestoreManager.swift in Sources */ = {isa = PBXBuildFile; fileRef = 5245BA752B0E136E006594CC /* FirestoreManager.swift */; };
		5245BA782B0E17FA006594CC /* FirestoreManagerForOne.swift in Sources */ = {isa = PBXBuildFile; fileRef = 5245BA772B0E17FA006594CC /* FirestoreManagerForOne.swift */; };
		524C30F12B1832FD00C5CEDC /* FirestoreUserInfo.swift in Sources */ = {isa = PBXBuildFile; fileRef = 524C30F02B1832FD00C5CEDC /* FirestoreUserInfo.swift */; };
		524C30F32B18336D00C5CEDC /* UserInfo.swift in Sources */ = {isa = PBXBuildFile; fileRef = 524C30F22B18336D00C5CEDC /* UserInfo.swift */; };
		524C30F52B1891D700C5CEDC /* SelectPlanPage.swift in Sources */ = {isa = PBXBuildFile; fileRef = 524C30F42B1891D700C5CEDC /* SelectPlanPage.swift */; };
		524C30F72B189F6200C5CEDC /* SelectPlanCell.swift in Sources */ = {isa = PBXBuildFile; fileRef = 524C30F62B189F6200C5CEDC /* SelectPlanCell.swift */; };
		524C30F92B18A55600C5CEDC /* EditMemoryViewController.swift in Sources */ = {isa = PBXBuildFile; fileRef = 524C30F82B18A55600C5CEDC /* EditMemoryViewController.swift */; };
		5255286C2B11D3E600D4B6F6 /* FirestoreManagerForPostDay.swift in Sources */ = {isa = PBXBuildFile; fileRef = 5255286B2B11D3E600D4B6F6 /* FirestoreManagerForPostDay.swift */; };
		525E7CB52B1987780057C5EE /* ImageCollectionViewCell.swift in Sources */ = {isa = PBXBuildFile; fileRef = 525E7CB42B1987780057C5EE /* ImageCollectionViewCell.swift */; };
		525E7CB72B198C560057C5EE /* imageCollections.swift in Sources */ = {isa = PBXBuildFile; fileRef = 525E7CB62B198C560057C5EE /* imageCollections.swift */; };
		52783CC32B031B650067A334 /* SpotTableViewCell.swift in Sources */ = {isa = PBXBuildFile; fileRef = 52783CC22B031B650067A334 /* SpotTableViewCell.swift */; };
		52783CC82B033B260067A334 /* PlanViewController.swift in Sources */ = {isa = PBXBuildFile; fileRef = 52783CC72B033B260067A334 /* PlanViewController.swift */; };
		52783CCA2B033EE20067A334 /* MyPlanCell.swift in Sources */ = {isa = PBXBuildFile; fileRef = 52783CC92B033EE20067A334 /* MyPlanCell.swift */; };
		52783CCC2B03409E0067A334 /* PlanHeaderView.swift in Sources */ = {isa = PBXBuildFile; fileRef = 52783CCB2B03409E0067A334 /* PlanHeaderView.swift */; };
		52783CCE2B0345AC0067A334 /* TogetherPlanCell.swift in Sources */ = {isa = PBXBuildFile; fileRef = 52783CCD2B0345AC0067A334 /* TogetherPlanCell.swift */; };
		52783CD12B034F6A0067A334 /* MemoryViewController.swift in Sources */ = {isa = PBXBuildFile; fileRef = 52783CD02B034F6A0067A334 /* MemoryViewController.swift */; };
		52783CD32B0350AC0067A334 /* MemoryCell.swift in Sources */ = {isa = PBXBuildFile; fileRef = 52783CD22B0350AC0067A334 /* MemoryCell.swift */; };
		52783CD52B0354820067A334 /* MemoryHeaderView.swift in Sources */ = {isa = PBXBuildFile; fileRef = 52783CD42B0354820067A334 /* MemoryHeaderView.swift */; };
		52783CD82B0359110067A334 /* ProfileViewController.swift in Sources */ = {isa = PBXBuildFile; fileRef = 52783CD72B0359110067A334 /* ProfileViewController.swift */; };
		52783CDA2B03612B0067A334 /* ProfileTableViewCell.swift in Sources */ = {isa = PBXBuildFile; fileRef = 52783CD92B03612B0067A334 /* ProfileTableViewCell.swift */; };
		52783CDC2B036D480067A334 /* ProfileHeaderView.swift in Sources */ = {isa = PBXBuildFile; fileRef = 52783CDB2B036D480067A334 /* ProfileHeaderView.swift */; };
		52783CDE2B037B8E0067A334 /* MemoryDetailViewController.swift in Sources */ = {isa = PBXBuildFile; fileRef = 52783CDD2B037B8E0067A334 /* MemoryDetailViewController.swift */; };
		52783CE12B03C76A0067A334 /* MemoryDetailCell.swift in Sources */ = {isa = PBXBuildFile; fileRef = 52783CE02B03C76A0067A334 /* MemoryDetailCell.swift */; };
		52783CE52B05B8E50067A334 /* MapListCell.swift in Sources */ = {isa = PBXBuildFile; fileRef = 52783CE42B05B8E50067A334 /* MapListCell.swift */; };
		52783CE82B05C4DA0067A334 /* MapViewController.swift in Sources */ = {isa = PBXBuildFile; fileRef = 52783CE72B05C4DA0067A334 /* MapViewController.swift */; };
		52783CEA2B05DA6F0067A334 /* PlaceMarker.swift in Sources */ = {isa = PBXBuildFile; fileRef = 52783CE92B05DA6F0067A334 /* PlaceMarker.swift */; };
		52783CEC2B05DB620067A334 /* GooglePlace.swift in Sources */ = {isa = PBXBuildFile; fileRef = 52783CEB2B05DB620067A334 /* GooglePlace.swift */; };
		52783CEF2B05DBEE0067A334 /* GoogleDataProvider.swift in Sources */ = {isa = PBXBuildFile; fileRef = 52783CEE2B05DBEE0067A334 /* GoogleDataProvider.swift */; };
		52783CF12B05EB380067A334 /* MapsListViewController.swift in Sources */ = {isa = PBXBuildFile; fileRef = 52783CF02B05EB380067A334 /* MapsListViewController.swift */; };
		52783CF32B0603BD0067A334 /* GooglePlacesManager.swift in Sources */ = {isa = PBXBuildFile; fileRef = 52783CF22B0603BD0067A334 /* GooglePlacesManager.swift */; };
		5288CB0E2B0710EA00E089F9 /* MapInfoViewController.swift in Sources */ = {isa = PBXBuildFile; fileRef = 5288CB0D2B0710EA00E089F9 /* MapInfoViewController.swift */; };
		5288CB102B07615400E089F9 /* AddToPlanListViewController.swift in Sources */ = {isa = PBXBuildFile; fileRef = 5288CB0F2B07615400E089F9 /* AddToPlanListViewController.swift */; };
		5288CB122B076F7A00E089F9 /* CreatePlanViewController.swift in Sources */ = {isa = PBXBuildFile; fileRef = 5288CB112B076F7A00E089F9 /* CreatePlanViewController.swift */; };
		5288CB142B07B08700E089F9 /* GoogleService-Info.plist in Resources */ = {isa = PBXBuildFile; fileRef = 5288CB132B07B08700E089F9 /* GoogleService-Info.plist */; };
		5288CB1C2B07B36500E089F9 /* FirebaseAnalytics in Frameworks */ = {isa = PBXBuildFile; productRef = 5288CB1B2B07B36500E089F9 /* FirebaseAnalytics */; };
		5288CB1E2B07B36500E089F9 /* FirebaseAuth in Frameworks */ = {isa = PBXBuildFile; productRef = 5288CB1D2B07B36500E089F9 /* FirebaseAuth */; };
		5288CB202B07B36500E089F9 /* FirebaseFirestore in Frameworks */ = {isa = PBXBuildFile; productRef = 5288CB1F2B07B36500E089F9 /* FirebaseFirestore */; };
		5288CB222B07B36500E089F9 /* FirebaseStorage in Frameworks */ = {isa = PBXBuildFile; productRef = 5288CB212B07B36500E089F9 /* FirebaseStorage */; };
		5288CB252B07B74100E089F9 /* TravelPlan.swift in Sources */ = {isa = PBXBuildFile; fileRef = 5288CB242B07B74100E089F9 /* TravelPlan.swift */; };
		5288CB272B07B95800E089F9 /* AddToListFooterView.swift in Sources */ = {isa = PBXBuildFile; fileRef = 5288CB262B07B95800E089F9 /* AddToListFooterView.swift */; };
		5288CB292B07B98A00E089F9 /* AddToListCell.swift in Sources */ = {isa = PBXBuildFile; fileRef = 5288CB282B07B98A00E089F9 /* AddToListCell.swift */; };
		52CD52202B0E406100CA7352 /* FirestoreForPost.swift in Sources */ = {isa = PBXBuildFile; fileRef = 52CD521F2B0E406100CA7352 /* FirestoreForPost.swift */; };
		52E0F95A2B0EE64A00D23AFE /* FirestoreForPostLocation.swift in Sources */ = {isa = PBXBuildFile; fileRef = 52E0F9592B0EE64A00D23AFE /* FirestoreForPostLocation.swift */; };
		52E0F95C2B0F2F3B00D23AFE /* FirebaseStorageUploadPhotos.swift in Sources */ = {isa = PBXBuildFile; fileRef = 52E0F95B2B0F2F3B00D23AFE /* FirebaseStorageUploadPhotos.swift */; };
		52E0F95E2B0F31FD00D23AFE /* FirebaseStorageManagerDownloadPhotos.swift in Sources */ = {isa = PBXBuildFile; fileRef = 52E0F95D2B0F31FD00D23AFE /* FirebaseStorageManagerDownloadPhotos.swift */; };
		52E70D852B0107F100440D4C /* AppDelegate.swift in Sources */ = {isa = PBXBuildFile; fileRef = 52E70D842B0107F100440D4C /* AppDelegate.swift */; };
		52E70D872B0107F100440D4C /* SceneDelegate.swift in Sources */ = {isa = PBXBuildFile; fileRef = 52E70D862B0107F100440D4C /* SceneDelegate.swift */; };
		52E70D8C2B0107F100440D4C /* Main.storyboard in Resources */ = {isa = PBXBuildFile; fileRef = 52E70D8A2B0107F100440D4C /* Main.storyboard */; };
		52E70D8E2B0107F300440D4C /* Assets.xcassets in Resources */ = {isa = PBXBuildFile; fileRef = 52E70D8D2B0107F300440D4C /* Assets.xcassets */; };
		52E70D912B0107F300440D4C /* LaunchScreen.storyboard in Resources */ = {isa = PBXBuildFile; fileRef = 52E70D8F2B0107F300440D4C /* LaunchScreen.storyboard */; };
		893338DDC46947964D93D5C1 /* Pods_TravelTogether.framework in Frameworks */ = {isa = PBXBuildFile; fileRef = 58C376C1498945EA44EA26E8 /* Pods_TravelTogether.framework */; };
/* End PBXBuildFile section */

/* Begin PBXFileReference section */
		5221A5672B141FF60084F7C0 /* EditPlanHeaderForSections.swift */ = {isa = PBXFileReference; lastKnownFileType = sourcecode.swift; path = EditPlanHeaderForSections.swift; sourceTree = "<group>"; };
		5221A5692B1452E30084F7C0 /* SelectDateViewController.swift */ = {isa = PBXFileReference; lastKnownFileType = sourcecode.swift; path = SelectDateViewController.swift; sourceTree = "<group>"; };
		5221A56B2B14540F0084F7C0 /* SelectDateFooterView.swift */ = {isa = PBXFileReference; lastKnownFileType = sourcecode.swift; path = SelectDateFooterView.swift; sourceTree = "<group>"; };
		5221A56D2B14567B0084F7C0 /* SelectDateCell.swift */ = {isa = PBXFileReference; lastKnownFileType = sourcecode.swift; path = SelectDateCell.swift; sourceTree = "<group>"; };
		52292EFF2B01F3930083399E /* SearchViewController.swift */ = {isa = PBXFileReference; lastKnownFileType = sourcecode.swift; path = SearchViewController.swift; sourceTree = "<group>"; };
		52292F012B01F8E30083399E /* SearchMemoriesTableVIewCell.swift */ = {isa = PBXFileReference; lastKnownFileType = sourcecode.swift; path = SearchMemoriesTableVIewCell.swift; sourceTree = "<group>"; };
		52292F042B0212FC0083399E /* FavoriteViewController.swift */ = {isa = PBXFileReference; lastKnownFileType = sourcecode.swift; path = FavoriteViewController.swift; sourceTree = "<group>"; };
		52292F062B0216C90083399E /* SearchHeaderView.swift */ = {isa = PBXFileReference; lastKnownFileType = sourcecode.swift; path = SearchHeaderView.swift; sourceTree = "<group>"; };
		52292F082B0273E80083399E /* CustomSegmentedControl.swift */ = {isa = PBXFileReference; lastKnownFileType = sourcecode.swift; path = CustomSegmentedControl.swift; sourceTree = "<group>"; };
		5232439F2B0871020078200C /* EditPlanViewController.swift */ = {isa = PBXFileReference; lastKnownFileType = sourcecode.swift; path = EditPlanViewController.swift; sourceTree = "<group>"; };
		523243A12B0871710078200C /* EditPlanCell.swift */ = {isa = PBXFileReference; lastKnownFileType = sourcecode.swift; path = EditPlanCell.swift; sourceTree = "<group>"; };
		523243A32B0879F30078200C /* EditPlanHeaderView.swift */ = {isa = PBXFileReference; lastKnownFileType = sourcecode.swift; path = EditPlanHeaderView.swift; sourceTree = "<group>"; };
		523243A52B0892930078200C /* EditPlanFooterView.swift */ = {isa = PBXFileReference; lastKnownFileType = sourcecode.swift; path = EditPlanFooterView.swift; sourceTree = "<group>"; };
		523243A72B0A27B90078200C /* SelectDate SwiftUI.swift */ = {isa = PBXFileReference; lastKnownFileType = sourcecode.swift; path = "SelectDate SwiftUI.swift"; sourceTree = "<group>"; };
		523846EC2B18DC21006D58B0 /* EditMemoryCell.swift */ = {isa = PBXFileReference; lastKnownFileType = sourcecode.swift; path = EditMemoryCell.swift; sourceTree = "<group>"; };
		523846EE2B18E418006D58B0 /* EditMemoryHeaderView.swift */ = {isa = PBXFileReference; lastKnownFileType = sourcecode.swift; path = EditMemoryHeaderView.swift; sourceTree = "<group>"; };
		524156FF2B149230005D41F6 /* EditPlanCollectionCell.swift */ = {isa = PBXFileReference; lastKnownFileType = sourcecode.swift; path = EditPlanCollectionCell.swift; sourceTree = "<group>"; };
		5245BA752B0E136E006594CC /* FirestoreManager.swift */ = {isa = PBXFileReference; lastKnownFileType = sourcecode.swift; path = FirestoreManager.swift; sourceTree = "<group>"; };
		5245BA772B0E17FA006594CC /* FirestoreManagerForOne.swift */ = {isa = PBXFileReference; lastKnownFileType = sourcecode.swift; path = FirestoreManagerForOne.swift; sourceTree = "<group>"; };
		524C30F02B1832FD00C5CEDC /* FirestoreUserInfo.swift */ = {isa = PBXFileReference; lastKnownFileType = sourcecode.swift; path = FirestoreUserInfo.swift; sourceTree = "<group>"; };
		524C30F22B18336D00C5CEDC /* UserInfo.swift */ = {isa = PBXFileReference; lastKnownFileType = sourcecode.swift; path = UserInfo.swift; sourceTree = "<group>"; };
		524C30F42B1891D700C5CEDC /* SelectPlanPage.swift */ = {isa = PBXFileReference; lastKnownFileType = sourcecode.swift; path = SelectPlanPage.swift; sourceTree = "<group>"; };
		524C30F62B189F6200C5CEDC /* SelectPlanCell.swift */ = {isa = PBXFileReference; lastKnownFileType = sourcecode.swift; path = SelectPlanCell.swift; sourceTree = "<group>"; };
		524C30F82B18A55600C5CEDC /* EditMemoryViewController.swift */ = {isa = PBXFileReference; lastKnownFileType = sourcecode.swift; path = EditMemoryViewController.swift; sourceTree = "<group>"; };
		5255286B2B11D3E600D4B6F6 /* FirestoreManagerForPostDay.swift */ = {isa = PBXFileReference; lastKnownFileType = sourcecode.swift; path = FirestoreManagerForPostDay.swift; sourceTree = "<group>"; };
		525E7CB42B1987780057C5EE /* ImageCollectionViewCell.swift */ = {isa = PBXFileReference; lastKnownFileType = sourcecode.swift; path = ImageCollectionViewCell.swift; sourceTree = "<group>"; };
		525E7CB62B198C560057C5EE /* imageCollections.swift */ = {isa = PBXFileReference; lastKnownFileType = sourcecode.swift; path = imageCollections.swift; sourceTree = "<group>"; };
		52783CC22B031B650067A334 /* SpotTableViewCell.swift */ = {isa = PBXFileReference; lastKnownFileType = sourcecode.swift; path = SpotTableViewCell.swift; sourceTree = "<group>"; };
		52783CC72B033B260067A334 /* PlanViewController.swift */ = {isa = PBXFileReference; lastKnownFileType = sourcecode.swift; path = PlanViewController.swift; sourceTree = "<group>"; };
		52783CC92B033EE20067A334 /* MyPlanCell.swift */ = {isa = PBXFileReference; lastKnownFileType = sourcecode.swift; path = MyPlanCell.swift; sourceTree = "<group>"; };
		52783CCB2B03409E0067A334 /* PlanHeaderView.swift */ = {isa = PBXFileReference; lastKnownFileType = sourcecode.swift; path = PlanHeaderView.swift; sourceTree = "<group>"; };
		52783CCD2B0345AC0067A334 /* TogetherPlanCell.swift */ = {isa = PBXFileReference; lastKnownFileType = sourcecode.swift; path = TogetherPlanCell.swift; sourceTree = "<group>"; };
		52783CD02B034F6A0067A334 /* MemoryViewController.swift */ = {isa = PBXFileReference; lastKnownFileType = sourcecode.swift; path = MemoryViewController.swift; sourceTree = "<group>"; };
		52783CD22B0350AC0067A334 /* MemoryCell.swift */ = {isa = PBXFileReference; lastKnownFileType = sourcecode.swift; path = MemoryCell.swift; sourceTree = "<group>"; };
		52783CD42B0354820067A334 /* MemoryHeaderView.swift */ = {isa = PBXFileReference; lastKnownFileType = sourcecode.swift; path = MemoryHeaderView.swift; sourceTree = "<group>"; };
		52783CD72B0359110067A334 /* ProfileViewController.swift */ = {isa = PBXFileReference; lastKnownFileType = sourcecode.swift; path = ProfileViewController.swift; sourceTree = "<group>"; };
		52783CD92B03612B0067A334 /* ProfileTableViewCell.swift */ = {isa = PBXFileReference; lastKnownFileType = sourcecode.swift; path = ProfileTableViewCell.swift; sourceTree = "<group>"; };
		52783CDB2B036D480067A334 /* ProfileHeaderView.swift */ = {isa = PBXFileReference; lastKnownFileType = sourcecode.swift; path = ProfileHeaderView.swift; sourceTree = "<group>"; };
		52783CDD2B037B8E0067A334 /* MemoryDetailViewController.swift */ = {isa = PBXFileReference; lastKnownFileType = sourcecode.swift; path = MemoryDetailViewController.swift; sourceTree = "<group>"; };
		52783CE02B03C76A0067A334 /* MemoryDetailCell.swift */ = {isa = PBXFileReference; lastKnownFileType = sourcecode.swift; path = MemoryDetailCell.swift; sourceTree = "<group>"; };
		52783CE42B05B8E50067A334 /* MapListCell.swift */ = {isa = PBXFileReference; lastKnownFileType = sourcecode.swift; path = MapListCell.swift; sourceTree = "<group>"; };
		52783CE72B05C4DA0067A334 /* MapViewController.swift */ = {isa = PBXFileReference; lastKnownFileType = sourcecode.swift; path = MapViewController.swift; sourceTree = "<group>"; };
		52783CE92B05DA6F0067A334 /* PlaceMarker.swift */ = {isa = PBXFileReference; lastKnownFileType = sourcecode.swift; path = PlaceMarker.swift; sourceTree = "<group>"; };
		52783CEB2B05DB620067A334 /* GooglePlace.swift */ = {isa = PBXFileReference; lastKnownFileType = sourcecode.swift; path = GooglePlace.swift; sourceTree = "<group>"; };
		52783CEE2B05DBEE0067A334 /* GoogleDataProvider.swift */ = {isa = PBXFileReference; lastKnownFileType = sourcecode.swift; path = GoogleDataProvider.swift; sourceTree = "<group>"; };
		52783CF02B05EB380067A334 /* MapsListViewController.swift */ = {isa = PBXFileReference; lastKnownFileType = sourcecode.swift; path = MapsListViewController.swift; sourceTree = "<group>"; };
		52783CF22B0603BD0067A334 /* GooglePlacesManager.swift */ = {isa = PBXFileReference; lastKnownFileType = sourcecode.swift; path = GooglePlacesManager.swift; sourceTree = "<group>"; };
		5288CB0D2B0710EA00E089F9 /* MapInfoViewController.swift */ = {isa = PBXFileReference; lastKnownFileType = sourcecode.swift; path = MapInfoViewController.swift; sourceTree = "<group>"; };
		5288CB0F2B07615400E089F9 /* AddToPlanListViewController.swift */ = {isa = PBXFileReference; lastKnownFileType = sourcecode.swift; path = AddToPlanListViewController.swift; sourceTree = "<group>"; };
		5288CB112B076F7A00E089F9 /* CreatePlanViewController.swift */ = {isa = PBXFileReference; lastKnownFileType = sourcecode.swift; path = CreatePlanViewController.swift; sourceTree = "<group>"; };
		5288CB132B07B08700E089F9 /* GoogleService-Info.plist */ = {isa = PBXFileReference; fileEncoding = 4; lastKnownFileType = text.plist.xml; path = "GoogleService-Info.plist"; sourceTree = "<group>"; };
		5288CB242B07B74100E089F9 /* TravelPlan.swift */ = {isa = PBXFileReference; lastKnownFileType = sourcecode.swift; path = TravelPlan.swift; sourceTree = "<group>"; };
		5288CB262B07B95800E089F9 /* AddToListFooterView.swift */ = {isa = PBXFileReference; lastKnownFileType = sourcecode.swift; path = AddToListFooterView.swift; sourceTree = "<group>"; };
		5288CB282B07B98A00E089F9 /* AddToListCell.swift */ = {isa = PBXFileReference; lastKnownFileType = sourcecode.swift; path = AddToListCell.swift; sourceTree = "<group>"; };
		52CD521F2B0E406100CA7352 /* FirestoreForPost.swift */ = {isa = PBXFileReference; lastKnownFileType = sourcecode.swift; path = FirestoreForPost.swift; sourceTree = "<group>"; };
		52E0F9592B0EE64A00D23AFE /* FirestoreForPostLocation.swift */ = {isa = PBXFileReference; lastKnownFileType = sourcecode.swift; path = FirestoreForPostLocation.swift; sourceTree = "<group>"; };
		52E0F95B2B0F2F3B00D23AFE /* FirebaseStorageUploadPhotos.swift */ = {isa = PBXFileReference; lastKnownFileType = sourcecode.swift; path = FirebaseStorageUploadPhotos.swift; sourceTree = "<group>"; };
		52E0F95D2B0F31FD00D23AFE /* FirebaseStorageManagerDownloadPhotos.swift */ = {isa = PBXFileReference; lastKnownFileType = sourcecode.swift; path = FirebaseStorageManagerDownloadPhotos.swift; sourceTree = "<group>"; };
		52E70D812B0107F100440D4C /* TravelTogether.app */ = {isa = PBXFileReference; explicitFileType = wrapper.application; includeInIndex = 0; path = TravelTogether.app; sourceTree = BUILT_PRODUCTS_DIR; };
		52E70D842B0107F100440D4C /* AppDelegate.swift */ = {isa = PBXFileReference; lastKnownFileType = sourcecode.swift; path = AppDelegate.swift; sourceTree = "<group>"; };
		52E70D862B0107F100440D4C /* SceneDelegate.swift */ = {isa = PBXFileReference; lastKnownFileType = sourcecode.swift; path = SceneDelegate.swift; sourceTree = "<group>"; };
		52E70D8B2B0107F100440D4C /* Base */ = {isa = PBXFileReference; lastKnownFileType = file.storyboard; name = Base; path = Base.lproj/Main.storyboard; sourceTree = "<group>"; };
		52E70D8D2B0107F300440D4C /* Assets.xcassets */ = {isa = PBXFileReference; lastKnownFileType = folder.assetcatalog; path = Assets.xcassets; sourceTree = "<group>"; };
		52E70D902B0107F300440D4C /* Base */ = {isa = PBXFileReference; lastKnownFileType = file.storyboard; name = Base; path = Base.lproj/LaunchScreen.storyboard; sourceTree = "<group>"; };
		52E70D922B0107F300440D4C /* Info.plist */ = {isa = PBXFileReference; lastKnownFileType = text.plist.xml; path = Info.plist; sourceTree = "<group>"; };
		58C376C1498945EA44EA26E8 /* Pods_TravelTogether.framework */ = {isa = PBXFileReference; explicitFileType = wrapper.framework; includeInIndex = 0; path = Pods_TravelTogether.framework; sourceTree = BUILT_PRODUCTS_DIR; };
		8E688431002B36072FB9ECE4 /* Pods-TravelTogether.debug.xcconfig */ = {isa = PBXFileReference; includeInIndex = 1; lastKnownFileType = text.xcconfig; name = "Pods-TravelTogether.debug.xcconfig"; path = "Target Support Files/Pods-TravelTogether/Pods-TravelTogether.debug.xcconfig"; sourceTree = "<group>"; };
		CC0240B72C27E41ADA6691A3 /* Pods-TravelTogether.release.xcconfig */ = {isa = PBXFileReference; includeInIndex = 1; lastKnownFileType = text.xcconfig; name = "Pods-TravelTogether.release.xcconfig"; path = "Target Support Files/Pods-TravelTogether/Pods-TravelTogether.release.xcconfig"; sourceTree = "<group>"; };
/* End PBXFileReference section */

/* Begin PBXFrameworksBuildPhase section */
		52E70D7E2B0107F100440D4C /* Frameworks */ = {
			isa = PBXFrameworksBuildPhase;
			buildActionMask = 2147483647;
			files = (
				5288CB1C2B07B36500E089F9 /* FirebaseAnalytics in Frameworks */,
				5288CB202B07B36500E089F9 /* FirebaseFirestore in Frameworks */,
				5288CB1E2B07B36500E089F9 /* FirebaseAuth in Frameworks */,
				5288CB222B07B36500E089F9 /* FirebaseStorage in Frameworks */,
				893338DDC46947964D93D5C1 /* Pods_TravelTogether.framework in Frameworks */,
			);
			runOnlyForDeploymentPostprocessing = 0;
		};
/* End PBXFrameworksBuildPhase section */

/* Begin PBXGroup section */
		52292EFE2B01F3750083399E /* SearchPage */ = {
			isa = PBXGroup;
			children = (
				52CD52222B0E47E900CA7352 /* AddToPlanPage */,
				52CD52212B0E477100CA7352 /* SearchViewController */,
				52783CDF2B03C7480067A334 /* MemoryDetailPage */,
				52783CE62B05C4AE0067A334 /* GoogleMapsViewController */,
			);
			path = SearchPage;
			sourceTree = "<group>";
		};
		52292F032B0212CC0083399E /* FavoritePage */ = {
			isa = PBXGroup;
			children = (
				52292F042B0212FC0083399E /* FavoriteViewController.swift */,
			);
			path = FavoritePage;
			sourceTree = "<group>";
		};
		5245BA742B0E135A006594CC /* Manager */ = {
			isa = PBXGroup;
			children = (
				52783CF22B0603BD0067A334 /* GooglePlacesManager.swift */,
				5245BA752B0E136E006594CC /* FirestoreManager.swift */,
				5245BA772B0E17FA006594CC /* FirestoreManagerForOne.swift */,
				52CD521F2B0E406100CA7352 /* FirestoreForPost.swift */,
				52E0F9592B0EE64A00D23AFE /* FirestoreForPostLocation.swift */,
				52E0F95B2B0F2F3B00D23AFE /* FirebaseStorageUploadPhotos.swift */,
				52E0F95D2B0F31FD00D23AFE /* FirebaseStorageManagerDownloadPhotos.swift */,
				5255286B2B11D3E600D4B6F6 /* FirestoreManagerForPostDay.swift */,
				524C30F02B1832FD00C5CEDC /* FirestoreUserInfo.swift */,
			);
			path = Manager;
			sourceTree = "<group>";
		};
		52783CC62B033B060067A334 /* PlanPage */ = {
			isa = PBXGroup;
			children = (
				52CD52232B0E481400CA7352 /* CreatePlanPage */,
				52CD52242B0E483700CA7352 /* PlanViewController */,
				52D09AF52B0B5D1300885E8F /* EditPlanPage */,
			);
			path = PlanPage;
			sourceTree = "<group>";
		};
		52783CCF2B034F4E0067A334 /* MemoryPage */ = {
			isa = PBXGroup;
			children = (
				52783CD02B034F6A0067A334 /* MemoryViewController.swift */,
				52783CD22B0350AC0067A334 /* MemoryCell.swift */,
				52783CD42B0354820067A334 /* MemoryHeaderView.swift */,
				524C30F42B1891D700C5CEDC /* SelectPlanPage.swift */,
				524C30F62B189F6200C5CEDC /* SelectPlanCell.swift */,
				524C30F82B18A55600C5CEDC /* EditMemoryViewController.swift */,
				523846EC2B18DC21006D58B0 /* EditMemoryCell.swift */,
				523846EE2B18E418006D58B0 /* EditMemoryHeaderView.swift */,
				525E7CB42B1987780057C5EE /* ImageCollectionViewCell.swift */,
			);
			path = MemoryPage;
			sourceTree = "<group>";
		};
		52783CD62B0358F90067A334 /* ProfilePage */ = {
			isa = PBXGroup;
			children = (
				52783CD72B0359110067A334 /* ProfileViewController.swift */,
				52783CD92B03612B0067A334 /* ProfileTableViewCell.swift */,
				52783CDB2B036D480067A334 /* ProfileHeaderView.swift */,
			);
			path = ProfilePage;
			sourceTree = "<group>";
		};
		52783CDF2B03C7480067A334 /* MemoryDetailPage */ = {
			isa = PBXGroup;
			children = (
				52783CDD2B037B8E0067A334 /* MemoryDetailViewController.swift */,
				52783CE02B03C76A0067A334 /* MemoryDetailCell.swift */,
			);
			path = MemoryDetailPage;
			sourceTree = "<group>";
		};
		52783CE62B05C4AE0067A334 /* GoogleMapsViewController */ = {
			isa = PBXGroup;
			children = (
				52783CEE2B05DBEE0067A334 /* GoogleDataProvider.swift */,
				52783CE92B05DA6F0067A334 /* PlaceMarker.swift */,
				52783CE72B05C4DA0067A334 /* MapViewController.swift */,
				52783CF02B05EB380067A334 /* MapsListViewController.swift */,
				52783CE42B05B8E50067A334 /* MapListCell.swift */,
				5288CB0D2B0710EA00E089F9 /* MapInfoViewController.swift */,
			);
			path = GoogleMapsViewController;
			sourceTree = "<group>";
		};
		52783CED2B05DB6F0067A334 /* Model */ = {
			isa = PBXGroup;
			children = (
				52292F082B0273E80083399E /* CustomSegmentedControl.swift */,
				52783CEB2B05DB620067A334 /* GooglePlace.swift */,
				5288CB242B07B74100E089F9 /* TravelPlan.swift */,
				524C30F22B18336D00C5CEDC /* UserInfo.swift */,
				525E7CB62B198C560057C5EE /* imageCollections.swift */,
			);
			path = Model;
			sourceTree = "<group>";
		};
		52CD52212B0E477100CA7352 /* SearchViewController */ = {
			isa = PBXGroup;
			children = (
				52292EFF2B01F3930083399E /* SearchViewController.swift */,
				52292F062B0216C90083399E /* SearchHeaderView.swift */,
				52292F012B01F8E30083399E /* SearchMemoriesTableVIewCell.swift */,
				52783CC22B031B650067A334 /* SpotTableViewCell.swift */,
			);
			path = SearchViewController;
			sourceTree = "<group>";
		};
		52CD52222B0E47E900CA7352 /* AddToPlanPage */ = {
			isa = PBXGroup;
			children = (
				5288CB0F2B07615400E089F9 /* AddToPlanListViewController.swift */,
				5288CB282B07B98A00E089F9 /* AddToListCell.swift */,
				5288CB262B07B95800E089F9 /* AddToListFooterView.swift */,
				5221A5692B1452E30084F7C0 /* SelectDateViewController.swift */,
				5221A56B2B14540F0084F7C0 /* SelectDateFooterView.swift */,
				5221A56D2B14567B0084F7C0 /* SelectDateCell.swift */,
			);
			path = AddToPlanPage;
			sourceTree = "<group>";
		};
		52CD52232B0E481400CA7352 /* CreatePlanPage */ = {
			isa = PBXGroup;
			children = (
				5288CB112B076F7A00E089F9 /* CreatePlanViewController.swift */,
				523243A72B0A27B90078200C /* SelectDate SwiftUI.swift */,
			);
			path = CreatePlanPage;
			sourceTree = "<group>";
		};
		52CD52242B0E483700CA7352 /* PlanViewController */ = {
			isa = PBXGroup;
			children = (
				52783CC72B033B260067A334 /* PlanViewController.swift */,
				52783CCB2B03409E0067A334 /* PlanHeaderView.swift */,
				52783CC92B033EE20067A334 /* MyPlanCell.swift */,
				52783CCD2B0345AC0067A334 /* TogetherPlanCell.swift */,
			);
			path = PlanViewController;
			sourceTree = "<group>";
		};
		52D09AF52B0B5D1300885E8F /* EditPlanPage */ = {
			isa = PBXGroup;
			children = (
				5232439F2B0871020078200C /* EditPlanViewController.swift */,
				523243A12B0871710078200C /* EditPlanCell.swift */,
				523243A32B0879F30078200C /* EditPlanHeaderView.swift */,
				524156FF2B149230005D41F6 /* EditPlanCollectionCell.swift */,
				523243A52B0892930078200C /* EditPlanFooterView.swift */,
				5221A5672B141FF60084F7C0 /* EditPlanHeaderForSections.swift */,
			);
			path = EditPlanPage;
			sourceTree = "<group>";
		};
		52E70D782B0107F100440D4C = {
			isa = PBXGroup;
			children = (
				52E70D832B0107F100440D4C /* TravelTogether */,
				52E70D822B0107F100440D4C /* Products */,
				EB181B03BD919DE314F87E32 /* Pods */,
				5C7B41223063ED9C54E5AE4E /* Frameworks */,
			);
			sourceTree = "<group>";
		};
		52E70D822B0107F100440D4C /* Products */ = {
			isa = PBXGroup;
			children = (
				52E70D812B0107F100440D4C /* TravelTogether.app */,
			);
			name = Products;
			sourceTree = "<group>";
		};
		52E70D832B0107F100440D4C /* TravelTogether */ = {
			isa = PBXGroup;
			children = (
				5245BA742B0E135A006594CC /* Manager */,
				52783CED2B05DB6F0067A334 /* Model */,
				52292EFE2B01F3750083399E /* SearchPage */,
				52292F032B0212CC0083399E /* FavoritePage */,
				52783CC62B033B060067A334 /* PlanPage */,
				52783CCF2B034F4E0067A334 /* MemoryPage */,
				52783CD62B0358F90067A334 /* ProfilePage */,
				52E70D842B0107F100440D4C /* AppDelegate.swift */,
				52E70D862B0107F100440D4C /* SceneDelegate.swift */,
				52E70D8A2B0107F100440D4C /* Main.storyboard */,
				52E70D8D2B0107F300440D4C /* Assets.xcassets */,
				52E70D8F2B0107F300440D4C /* LaunchScreen.storyboard */,
				52E70D922B0107F300440D4C /* Info.plist */,
				5288CB132B07B08700E089F9 /* GoogleService-Info.plist */,
			);
			path = TravelTogether;
			sourceTree = "<group>";
		};
		5C7B41223063ED9C54E5AE4E /* Frameworks */ = {
			isa = PBXGroup;
			children = (
				58C376C1498945EA44EA26E8 /* Pods_TravelTogether.framework */,
			);
			name = Frameworks;
			sourceTree = "<group>";
		};
		EB181B03BD919DE314F87E32 /* Pods */ = {
			isa = PBXGroup;
			children = (
				8E688431002B36072FB9ECE4 /* Pods-TravelTogether.debug.xcconfig */,
				CC0240B72C27E41ADA6691A3 /* Pods-TravelTogether.release.xcconfig */,
			);
			path = Pods;
			sourceTree = "<group>";
		};
/* End PBXGroup section */

/* Begin PBXNativeTarget section */
		52E70D802B0107F100440D4C /* TravelTogether */ = {
			isa = PBXNativeTarget;
			buildConfigurationList = 52E70D952B0107F300440D4C /* Build configuration list for PBXNativeTarget "TravelTogether" */;
			buildPhases = (
				9914EEF66865584DE2447756 /* [CP] Check Pods Manifest.lock */,
				52E70D7D2B0107F100440D4C /* Sources */,
				52E70D7E2B0107F100440D4C /* Frameworks */,
				52E70D7F2B0107F100440D4C /* Resources */,
				52783CE32B051DA20067A334 /* ShellScript */,
				E9580ACA3E78BD96F92389E2 /* [CP] Copy Pods Resources */,
			);
			buildRules = (
			);
			dependencies = (
			);
			name = TravelTogether;
			packageProductDependencies = (
				5288CB1B2B07B36500E089F9 /* FirebaseAnalytics */,
				5288CB1D2B07B36500E089F9 /* FirebaseAuth */,
				5288CB1F2B07B36500E089F9 /* FirebaseFirestore */,
				5288CB212B07B36500E089F9 /* FirebaseStorage */,
			);
			productName = TravelTogether;
			productReference = 52E70D812B0107F100440D4C /* TravelTogether.app */;
			productType = "com.apple.product-type.application";
		};
/* End PBXNativeTarget section */

/* Begin PBXProject section */
		52E70D792B0107F100440D4C /* Project object */ = {
			isa = PBXProject;
			attributes = {
				BuildIndependentTargetsInParallel = 1;
				LastSwiftUpdateCheck = 1430;
				LastUpgradeCheck = 1430;
				TargetAttributes = {
					52E70D802B0107F100440D4C = {
						CreatedOnToolsVersion = 14.3.1;
					};
				};
			};
			buildConfigurationList = 52E70D7C2B0107F100440D4C /* Build configuration list for PBXProject "TravelTogether" */;
			compatibilityVersion = "Xcode 14.0";
			developmentRegion = en;
			hasScannedForEncodings = 0;
			knownRegions = (
				en,
				Base,
			);
			mainGroup = 52E70D782B0107F100440D4C;
			packageReferences = (
				5288CB1A2B07B36500E089F9 /* XCRemoteSwiftPackageReference "firebase-ios-sdk" */,
			);
			productRefGroup = 52E70D822B0107F100440D4C /* Products */;
			projectDirPath = "";
			projectRoot = "";
			targets = (
				52E70D802B0107F100440D4C /* TravelTogether */,
			);
		};
/* End PBXProject section */

/* Begin PBXResourcesBuildPhase section */
		52E70D7F2B0107F100440D4C /* Resources */ = {
			isa = PBXResourcesBuildPhase;
			buildActionMask = 2147483647;
			files = (
				52E70D912B0107F300440D4C /* LaunchScreen.storyboard in Resources */,
				52E70D8E2B0107F300440D4C /* Assets.xcassets in Resources */,
				52E70D8C2B0107F100440D4C /* Main.storyboard in Resources */,
				5288CB142B07B08700E089F9 /* GoogleService-Info.plist in Resources */,
			);
			runOnlyForDeploymentPostprocessing = 0;
		};
/* End PBXResourcesBuildPhase section */

/* Begin PBXShellScriptBuildPhase section */
		52783CE32B051DA20067A334 /* ShellScript */ = {
			isa = PBXShellScriptBuildPhase;
			buildActionMask = 2147483647;
			files = (
			);
			inputFileListPaths = (
			);
			inputPaths = (
			);
			outputFileListPaths = (
			);
			outputPaths = (
			);
			runOnlyForDeploymentPostprocessing = 0;
			shellPath = /bin/sh;
			shellScript = "# Type a script or drag a script file from your workspace to insert its path.\n\"${PODS_ROOT}/SwiftLint/swiftlint\"\n";
		};
		9914EEF66865584DE2447756 /* [CP] Check Pods Manifest.lock */ = {
			isa = PBXShellScriptBuildPhase;
			buildActionMask = 2147483647;
			files = (
			);
			inputFileListPaths = (
			);
			inputPaths = (
				"${PODS_PODFILE_DIR_PATH}/Podfile.lock",
				"${PODS_ROOT}/Manifest.lock",
			);
			name = "[CP] Check Pods Manifest.lock";
			outputFileListPaths = (
			);
			outputPaths = (
				"$(DERIVED_FILE_DIR)/Pods-TravelTogether-checkManifestLockResult.txt",
			);
			runOnlyForDeploymentPostprocessing = 0;
			shellPath = /bin/sh;
			shellScript = "diff \"${PODS_PODFILE_DIR_PATH}/Podfile.lock\" \"${PODS_ROOT}/Manifest.lock\" > /dev/null\nif [ $? != 0 ] ; then\n    # print error to STDERR\n    echo \"error: The sandbox is not in sync with the Podfile.lock. Run 'pod install' or update your CocoaPods installation.\" >&2\n    exit 1\nfi\n# This output is used by Xcode 'outputs' to avoid re-running this script phase.\necho \"SUCCESS\" > \"${SCRIPT_OUTPUT_FILE_0}\"\n";
			showEnvVarsInLog = 0;
		};
		E9580ACA3E78BD96F92389E2 /* [CP] Copy Pods Resources */ = {
			isa = PBXShellScriptBuildPhase;
			buildActionMask = 2147483647;
			files = (
			);
			inputFileListPaths = (
				"${PODS_ROOT}/Target Support Files/Pods-TravelTogether/Pods-TravelTogether-resources-${CONFIGURATION}-input-files.xcfilelist",
			);
			name = "[CP] Copy Pods Resources";
			outputFileListPaths = (
				"${PODS_ROOT}/Target Support Files/Pods-TravelTogether/Pods-TravelTogether-resources-${CONFIGURATION}-output-files.xcfilelist",
			);
			runOnlyForDeploymentPostprocessing = 0;
			shellPath = /bin/sh;
			shellScript = "\"${PODS_ROOT}/Target Support Files/Pods-TravelTogether/Pods-TravelTogether-resources.sh\"\n";
			showEnvVarsInLog = 0;
		};
/* End PBXShellScriptBuildPhase section */

/* Begin PBXSourcesBuildPhase section */
		52E70D7D2B0107F100440D4C /* Sources */ = {
			isa = PBXSourcesBuildPhase;
			buildActionMask = 2147483647;
			files = (
				5288CB272B07B95800E089F9 /* AddToListFooterView.swift in Sources */,
				524C30F52B1891D700C5CEDC /* SelectPlanPage.swift in Sources */,
				52783CDE2B037B8E0067A334 /* MemoryDetailViewController.swift in Sources */,
				524157002B149230005D41F6 /* EditPlanCollectionCell.swift in Sources */,
				525E7CB52B1987780057C5EE /* ImageCollectionViewCell.swift in Sources */,
				52292F072B0216C90083399E /* SearchHeaderView.swift in Sources */,
				524C30F92B18A55600C5CEDC /* EditMemoryViewController.swift in Sources */,
				52783CD12B034F6A0067A334 /* MemoryViewController.swift in Sources */,
				523846EF2B18E418006D58B0 /* EditMemoryHeaderView.swift in Sources */,
				524C30F72B189F6200C5CEDC /* SelectPlanCell.swift in Sources */,
				52783CEF2B05DBEE0067A334 /* GoogleDataProvider.swift in Sources */,
				52E0F95C2B0F2F3B00D23AFE /* FirebaseStorageUploadPhotos.swift in Sources */,
				5288CB252B07B74100E089F9 /* TravelPlan.swift in Sources */,
				524C30F32B18336D00C5CEDC /* UserInfo.swift in Sources */,
				52E0F95A2B0EE64A00D23AFE /* FirestoreForPostLocation.swift in Sources */,
				523243A82B0A27B90078200C /* SelectDate SwiftUI.swift in Sources */,
				5221A56A2B1452E30084F7C0 /* SelectDateViewController.swift in Sources */,
				52783CEA2B05DA6F0067A334 /* PlaceMarker.swift in Sources */,
				52783CC82B033B260067A334 /* PlanViewController.swift in Sources */,
				5221A5682B141FF60084F7C0 /* EditPlanHeaderForSections.swift in Sources */,
				5255286C2B11D3E600D4B6F6 /* FirestoreManagerForPostDay.swift in Sources */,
				52783CDA2B03612B0067A334 /* ProfileTableViewCell.swift in Sources */,
				52783CCC2B03409E0067A334 /* PlanHeaderView.swift in Sources */,
				52783CD32B0350AC0067A334 /* MemoryCell.swift in Sources */,
				52783CC32B031B650067A334 /* SpotTableViewCell.swift in Sources */,
				52E0F95E2B0F31FD00D23AFE /* FirebaseStorageManagerDownloadPhotos.swift in Sources */,
				523243A02B0871020078200C /* EditPlanViewController.swift in Sources */,
				5288CB0E2B0710EA00E089F9 /* MapInfoViewController.swift in Sources */,
				5288CB102B07615400E089F9 /* AddToPlanListViewController.swift in Sources */,
				52783CEC2B05DB620067A334 /* GooglePlace.swift in Sources */,
				52783CE82B05C4DA0067A334 /* MapViewController.swift in Sources */,
				52783CD82B0359110067A334 /* ProfileViewController.swift in Sources */,
				523846ED2B18DC21006D58B0 /* EditMemoryCell.swift in Sources */,
				5245BA782B0E17FA006594CC /* FirestoreManagerForOne.swift in Sources */,
				5288CB292B07B98A00E089F9 /* AddToListCell.swift in Sources */,
				5288CB122B076F7A00E089F9 /* CreatePlanViewController.swift in Sources */,
				525E7CB72B198C560057C5EE /* imageCollections.swift in Sources */,
				52292F022B01F8E30083399E /* SearchMemoriesTableVIewCell.swift in Sources */,
				5221A56E2B14567B0084F7C0 /* SelectDateCell.swift in Sources */,
				524C30F12B1832FD00C5CEDC /* FirestoreUserInfo.swift in Sources */,
				5221A56C2B14540F0084F7C0 /* SelectDateFooterView.swift in Sources */,
				52783CDC2B036D480067A334 /* ProfileHeaderView.swift in Sources */,
				52CD52202B0E406100CA7352 /* FirestoreForPost.swift in Sources */,
				52783CCA2B033EE20067A334 /* MyPlanCell.swift in Sources */,
				52E70D852B0107F100440D4C /* AppDelegate.swift in Sources */,
				52292F002B01F3930083399E /* SearchViewController.swift in Sources */,
				52292F052B0212FC0083399E /* FavoriteViewController.swift in Sources */,
				52E70D872B0107F100440D4C /* SceneDelegate.swift in Sources */,
				523243A62B0892930078200C /* EditPlanFooterView.swift in Sources */,
				52783CF12B05EB380067A334 /* MapsListViewController.swift in Sources */,
				5245BA762B0E136E006594CC /* FirestoreManager.swift in Sources */,
				52783CCE2B0345AC0067A334 /* TogetherPlanCell.swift in Sources */,
				52783CD52B0354820067A334 /* MemoryHeaderView.swift in Sources */,
				52783CF32B0603BD0067A334 /* GooglePlacesManager.swift in Sources */,
				52783CE12B03C76A0067A334 /* MemoryDetailCell.swift in Sources */,
				523243A42B0879F30078200C /* EditPlanHeaderView.swift in Sources */,
				52292F092B0273E80083399E /* CustomSegmentedControl.swift in Sources */,
				523243A22B0871710078200C /* EditPlanCell.swift in Sources */,
				52783CE52B05B8E50067A334 /* MapListCell.swift in Sources */,
			);
			runOnlyForDeploymentPostprocessing = 0;
		};
/* End PBXSourcesBuildPhase section */

/* Begin PBXVariantGroup section */
		52E70D8A2B0107F100440D4C /* Main.storyboard */ = {
			isa = PBXVariantGroup;
			children = (
				52E70D8B2B0107F100440D4C /* Base */,
			);
			name = Main.storyboard;
			sourceTree = "<group>";
		};
		52E70D8F2B0107F300440D4C /* LaunchScreen.storyboard */ = {
			isa = PBXVariantGroup;
			children = (
				52E70D902B0107F300440D4C /* Base */,
			);
			name = LaunchScreen.storyboard;
			sourceTree = "<group>";
		};
/* End PBXVariantGroup section */

/* Begin XCBuildConfiguration section */
		52E70D932B0107F300440D4C /* Debug */ = {
			isa = XCBuildConfiguration;
			buildSettings = {
				ALWAYS_SEARCH_USER_PATHS = NO;
				CLANG_ANALYZER_NONNULL = YES;
				CLANG_ANALYZER_NUMBER_OBJECT_CONVERSION = YES_AGGRESSIVE;
				CLANG_CXX_LANGUAGE_STANDARD = "gnu++20";
				CLANG_ENABLE_MODULES = YES;
				CLANG_ENABLE_OBJC_ARC = YES;
				CLANG_ENABLE_OBJC_WEAK = YES;
				CLANG_WARN_BLOCK_CAPTURE_AUTORELEASING = YES;
				CLANG_WARN_BOOL_CONVERSION = YES;
				CLANG_WARN_COMMA = YES;
				CLANG_WARN_CONSTANT_CONVERSION = YES;
				CLANG_WARN_DEPRECATED_OBJC_IMPLEMENTATIONS = YES;
				CLANG_WARN_DIRECT_OBJC_ISA_USAGE = YES_ERROR;
				CLANG_WARN_DOCUMENTATION_COMMENTS = YES;
				CLANG_WARN_EMPTY_BODY = YES;
				CLANG_WARN_ENUM_CONVERSION = YES;
				CLANG_WARN_INFINITE_RECURSION = YES;
				CLANG_WARN_INT_CONVERSION = YES;
				CLANG_WARN_NON_LITERAL_NULL_CONVERSION = YES;
				CLANG_WARN_OBJC_IMPLICIT_RETAIN_SELF = YES;
				CLANG_WARN_OBJC_LITERAL_CONVERSION = YES;
				CLANG_WARN_OBJC_ROOT_CLASS = YES_ERROR;
				CLANG_WARN_QUOTED_INCLUDE_IN_FRAMEWORK_HEADER = YES;
				CLANG_WARN_RANGE_LOOP_ANALYSIS = YES;
				CLANG_WARN_STRICT_PROTOTYPES = YES;
				CLANG_WARN_SUSPICIOUS_MOVE = YES;
				CLANG_WARN_UNGUARDED_AVAILABILITY = YES_AGGRESSIVE;
				CLANG_WARN_UNREACHABLE_CODE = YES;
				CLANG_WARN__DUPLICATE_METHOD_MATCH = YES;
				COPY_PHASE_STRIP = NO;
				DEBUG_INFORMATION_FORMAT = dwarf;
				ENABLE_STRICT_OBJC_MSGSEND = YES;
				ENABLE_TESTABILITY = YES;
				GCC_C_LANGUAGE_STANDARD = gnu11;
				GCC_DYNAMIC_NO_PIC = NO;
				GCC_NO_COMMON_BLOCKS = YES;
				GCC_OPTIMIZATION_LEVEL = 0;
				GCC_PREPROCESSOR_DEFINITIONS = (
					"DEBUG=1",
					"$(inherited)",
				);
				GCC_WARN_64_TO_32_BIT_CONVERSION = YES;
				GCC_WARN_ABOUT_RETURN_TYPE = YES_ERROR;
				GCC_WARN_UNDECLARED_SELECTOR = YES;
				GCC_WARN_UNINITIALIZED_AUTOS = YES_AGGRESSIVE;
				GCC_WARN_UNUSED_FUNCTION = YES;
				GCC_WARN_UNUSED_VARIABLE = YES;
				IPHONEOS_DEPLOYMENT_TARGET = 15.0;
				MTL_ENABLE_DEBUG_INFO = INCLUDE_SOURCE;
				MTL_FAST_MATH = YES;
				ONLY_ACTIVE_ARCH = YES;
				SDKROOT = iphoneos;
				SWIFT_ACTIVE_COMPILATION_CONDITIONS = DEBUG;
				SWIFT_OPTIMIZATION_LEVEL = "-Onone";
			};
			name = Debug;
		};
		52E70D942B0107F300440D4C /* Release */ = {
			isa = XCBuildConfiguration;
			buildSettings = {
				ALWAYS_SEARCH_USER_PATHS = NO;
				CLANG_ANALYZER_NONNULL = YES;
				CLANG_ANALYZER_NUMBER_OBJECT_CONVERSION = YES_AGGRESSIVE;
				CLANG_CXX_LANGUAGE_STANDARD = "gnu++20";
				CLANG_ENABLE_MODULES = YES;
				CLANG_ENABLE_OBJC_ARC = YES;
				CLANG_ENABLE_OBJC_WEAK = YES;
				CLANG_WARN_BLOCK_CAPTURE_AUTORELEASING = YES;
				CLANG_WARN_BOOL_CONVERSION = YES;
				CLANG_WARN_COMMA = YES;
				CLANG_WARN_CONSTANT_CONVERSION = YES;
				CLANG_WARN_DEPRECATED_OBJC_IMPLEMENTATIONS = YES;
				CLANG_WARN_DIRECT_OBJC_ISA_USAGE = YES_ERROR;
				CLANG_WARN_DOCUMENTATION_COMMENTS = YES;
				CLANG_WARN_EMPTY_BODY = YES;
				CLANG_WARN_ENUM_CONVERSION = YES;
				CLANG_WARN_INFINITE_RECURSION = YES;
				CLANG_WARN_INT_CONVERSION = YES;
				CLANG_WARN_NON_LITERAL_NULL_CONVERSION = YES;
				CLANG_WARN_OBJC_IMPLICIT_RETAIN_SELF = YES;
				CLANG_WARN_OBJC_LITERAL_CONVERSION = YES;
				CLANG_WARN_OBJC_ROOT_CLASS = YES_ERROR;
				CLANG_WARN_QUOTED_INCLUDE_IN_FRAMEWORK_HEADER = YES;
				CLANG_WARN_RANGE_LOOP_ANALYSIS = YES;
				CLANG_WARN_STRICT_PROTOTYPES = YES;
				CLANG_WARN_SUSPICIOUS_MOVE = YES;
				CLANG_WARN_UNGUARDED_AVAILABILITY = YES_AGGRESSIVE;
				CLANG_WARN_UNREACHABLE_CODE = YES;
				CLANG_WARN__DUPLICATE_METHOD_MATCH = YES;
				COPY_PHASE_STRIP = NO;
				DEBUG_INFORMATION_FORMAT = "dwarf-with-dsym";
				ENABLE_NS_ASSERTIONS = NO;
				ENABLE_STRICT_OBJC_MSGSEND = YES;
				GCC_C_LANGUAGE_STANDARD = gnu11;
				GCC_NO_COMMON_BLOCKS = YES;
				GCC_WARN_64_TO_32_BIT_CONVERSION = YES;
				GCC_WARN_ABOUT_RETURN_TYPE = YES_ERROR;
				GCC_WARN_UNDECLARED_SELECTOR = YES;
				GCC_WARN_UNINITIALIZED_AUTOS = YES_AGGRESSIVE;
				GCC_WARN_UNUSED_FUNCTION = YES;
				GCC_WARN_UNUSED_VARIABLE = YES;
				IPHONEOS_DEPLOYMENT_TARGET = 15.0;
				MTL_ENABLE_DEBUG_INFO = NO;
				MTL_FAST_MATH = YES;
				SDKROOT = iphoneos;
				SWIFT_COMPILATION_MODE = wholemodule;
				SWIFT_OPTIMIZATION_LEVEL = "-O";
				VALIDATE_PRODUCT = YES;
			};
			name = Release;
		};
		52E70D962B0107F300440D4C /* Debug */ = {
			isa = XCBuildConfiguration;
			baseConfigurationReference = 8E688431002B36072FB9ECE4 /* Pods-TravelTogether.debug.xcconfig */;
			buildSettings = {
				ASSETCATALOG_COMPILER_APPICON_NAME = AppIcon;
				ASSETCATALOG_COMPILER_GLOBAL_ACCENT_COLOR_NAME = AccentColor;
				CODE_SIGN_STYLE = Automatic;
				CURRENT_PROJECT_VERSION = 1;
				DEVELOPMENT_TEAM = 8MJLHJN65R;
				GENERATE_INFOPLIST_FILE = YES;
				INFOPLIST_FILE = TravelTogether/Info.plist;
				INFOPLIST_KEY_NSLocationWhenInUseUsageDescription = "By accessing your location, this app can find good places to eat for you.";
				INFOPLIST_KEY_UIApplicationSupportsIndirectInputEvents = YES;
				INFOPLIST_KEY_UILaunchStoryboardName = LaunchScreen;
				INFOPLIST_KEY_UIMainStoryboardFile = Main;
				INFOPLIST_KEY_UISupportedInterfaceOrientations_iPad = "UIInterfaceOrientationPortrait UIInterfaceOrientationPortraitUpsideDown UIInterfaceOrientationLandscapeLeft UIInterfaceOrientationLandscapeRight";
				INFOPLIST_KEY_UISupportedInterfaceOrientations_iPhone = "UIInterfaceOrientationPortrait UIInterfaceOrientationLandscapeLeft UIInterfaceOrientationLandscapeRight";
				IPHONEOS_DEPLOYMENT_TARGET = 15.0;
				LD_RUNPATH_SEARCH_PATHS = (
					"$(inherited)",
					"@executable_path/Frameworks",
				);
				MARKETING_VERSION = 1.0;
				PRODUCT_BUNDLE_IDENTIFIER = YENCHUNYU.TravelTogether;
				PRODUCT_NAME = "$(TARGET_NAME)";
				SWIFT_EMIT_LOC_STRINGS = YES;
				SWIFT_VERSION = 5.0;
				TARGETED_DEVICE_FAMILY = "1,2";
			};
			name = Debug;
		};
		52E70D972B0107F300440D4C /* Release */ = {
			isa = XCBuildConfiguration;
			baseConfigurationReference = CC0240B72C27E41ADA6691A3 /* Pods-TravelTogether.release.xcconfig */;
			buildSettings = {
				ASSETCATALOG_COMPILER_APPICON_NAME = AppIcon;
				ASSETCATALOG_COMPILER_GLOBAL_ACCENT_COLOR_NAME = AccentColor;
				CODE_SIGN_STYLE = Automatic;
				CURRENT_PROJECT_VERSION = 1;
				DEVELOPMENT_TEAM = 8MJLHJN65R;
				GENERATE_INFOPLIST_FILE = YES;
				INFOPLIST_FILE = TravelTogether/Info.plist;
				INFOPLIST_KEY_NSLocationWhenInUseUsageDescription = "By accessing your location, this app can find good places to eat for you.";
				INFOPLIST_KEY_UIApplicationSupportsIndirectInputEvents = YES;
				INFOPLIST_KEY_UILaunchStoryboardName = LaunchScreen;
				INFOPLIST_KEY_UIMainStoryboardFile = Main;
				INFOPLIST_KEY_UISupportedInterfaceOrientations_iPad = "UIInterfaceOrientationPortrait UIInterfaceOrientationPortraitUpsideDown UIInterfaceOrientationLandscapeLeft UIInterfaceOrientationLandscapeRight";
				INFOPLIST_KEY_UISupportedInterfaceOrientations_iPhone = "UIInterfaceOrientationPortrait UIInterfaceOrientationLandscapeLeft UIInterfaceOrientationLandscapeRight";
				IPHONEOS_DEPLOYMENT_TARGET = 15.0;
				LD_RUNPATH_SEARCH_PATHS = (
					"$(inherited)",
					"@executable_path/Frameworks",
				);
				MARKETING_VERSION = 1.0;
				PRODUCT_BUNDLE_IDENTIFIER = YENCHUNYU.TravelTogether;
				PRODUCT_NAME = "$(TARGET_NAME)";
				SWIFT_EMIT_LOC_STRINGS = YES;
				SWIFT_VERSION = 5.0;
				TARGETED_DEVICE_FAMILY = "1,2";
			};
			name = Release;
		};
/* End XCBuildConfiguration section */

/* Begin XCConfigurationList section */
		52E70D7C2B0107F100440D4C /* Build configuration list for PBXProject "TravelTogether" */ = {
			isa = XCConfigurationList;
			buildConfigurations = (
				52E70D932B0107F300440D4C /* Debug */,
				52E70D942B0107F300440D4C /* Release */,
			);
			defaultConfigurationIsVisible = 0;
			defaultConfigurationName = Release;
		};
		52E70D952B0107F300440D4C /* Build configuration list for PBXNativeTarget "TravelTogether" */ = {
			isa = XCConfigurationList;
			buildConfigurations = (
				52E70D962B0107F300440D4C /* Debug */,
				52E70D972B0107F300440D4C /* Release */,
			);
			defaultConfigurationIsVisible = 0;
			defaultConfigurationName = Release;
		};
/* End XCConfigurationList section */

/* Begin XCRemoteSwiftPackageReference section */
		5288CB1A2B07B36500E089F9 /* XCRemoteSwiftPackageReference "firebase-ios-sdk" */ = {
			isa = XCRemoteSwiftPackageReference;
			repositoryURL = "https://github.com/firebase/firebase-ios-sdk";
			requirement = {
				kind = upToNextMajorVersion;
				minimumVersion = 10.0.0;
			};
		};
/* End XCRemoteSwiftPackageReference section */

/* Begin XCSwiftPackageProductDependency section */
		5288CB1B2B07B36500E089F9 /* FirebaseAnalytics */ = {
			isa = XCSwiftPackageProductDependency;
			package = 5288CB1A2B07B36500E089F9 /* XCRemoteSwiftPackageReference "firebase-ios-sdk" */;
			productName = FirebaseAnalytics;
		};
		5288CB1D2B07B36500E089F9 /* FirebaseAuth */ = {
			isa = XCSwiftPackageProductDependency;
			package = 5288CB1A2B07B36500E089F9 /* XCRemoteSwiftPackageReference "firebase-ios-sdk" */;
			productName = FirebaseAuth;
		};
		5288CB1F2B07B36500E089F9 /* FirebaseFirestore */ = {
			isa = XCSwiftPackageProductDependency;
			package = 5288CB1A2B07B36500E089F9 /* XCRemoteSwiftPackageReference "firebase-ios-sdk" */;
			productName = FirebaseFirestore;
		};
		5288CB212B07B36500E089F9 /* FirebaseStorage */ = {
			isa = XCSwiftPackageProductDependency;
			package = 5288CB1A2B07B36500E089F9 /* XCRemoteSwiftPackageReference "firebase-ios-sdk" */;
			productName = FirebaseStorage;
		};
/* End XCSwiftPackageProductDependency section */
	};
	rootObject = 52E70D792B0107F100440D4C /* Project object */;
}
